{
  "name": "blockchain_landscape",
  "version": "1.0.0",
  "lockfileVersion": 1,
  "requires": true,
  "dependencies": {
    "mustache": {
      "version": "0.7.3",
      "resolved": "https://registry.npmjs.org/mustache/-/mustache-0.7.3.tgz",
      "integrity": "sha1-JI1o0LEFA5eEj6Y0wkRsGPMEkOk="
    }
  }
}
